
Microsoft Visual Studio Solution File, Format Version 12.00
# Visual Studio Version 17
VisualStudioVersion = 17.13.35931.197
MinimumVisualStudioVersion = 10.0.40219.1
Project("{FAE04EC0-301F-11D3-BF4B-00C04F79EFBC}") = "ReporteService.Api", "ReporteService.Api\ReporteService.Api.csproj", "{3A94B627-4D81-DDCC-7DE6-C62AB6A090DA}"
EndProject
Project("{FAE04EC0-301F-11D3-BF4B-00C04F79EFBC}") = "ReporteService.Application", "ReporteService.Application\ReporteService.Application.csproj", "{55599F34-6472-AB68-5682-9E3DC390E325}"
EndProject
Project("{FAE04EC0-301F-11D3-BF4B-00C04F79EFBC}") = "ReporteService.Dominio", "ReporteService.Domain\ReporteService.Dominio.csproj", "{6679497D-FCBC-162D-508A-5592557CFC74}"
EndProject
Project("{FAE04EC0-301F-11D3-BF4B-00C04F79EFBC}") = "ReporteService.Infrastructure", "ReporteService.Infrastructure\ReporteService.Infrastructure.csproj", "{C9E04393-60BE-DD02-D462-B8D805EDDD28}"
EndProject
Global
	GlobalSection(SolutionConfigurationPlatforms) = preSolution
		Debug|Any CPU = Debug|Any CPU
		Release|Any CPU = Release|Any CPU
	EndGlobalSection
	GlobalSection(ProjectConfigurationPlatforms) = postSolution
		{3A94B627-4D81-DDCC-7DE6-C62AB6A090DA}.Debug|Any CPU.ActiveCfg = Debug|Any CPU
		{3A94B627-4D81-DDCC-7DE6-C62AB6A090DA}.Debug|Any CPU.Build.0 = Debug|Any CPU
		{3A94B627-4D81-DDCC-7DE6-C62AB6A090DA}.Release|Any CPU.ActiveCfg = Release|Any CPU
		{3A94B627-4D81-DDCC-7DE6-C62AB6A090DA}.Release|Any CPU.Build.0 = Release|Any CPU
		{55599F34-6472-AB68-5682-9E3DC390E325}.Debug|Any CPU.ActiveCfg = Debug|Any CPU
		{55599F34-6472-AB68-5682-9E3DC390E325}.Debug|Any CPU.Build.0 = Debug|Any CPU
		{55599F34-6472-AB68-5682-9E3DC390E325}.Release|Any CPU.ActiveCfg = Release|Any CPU
		{55599F34-6472-AB68-5682-9E3DC390E325}.Release|Any CPU.Build.0 = Release|Any CPU
		{6679497D-FCBC-162D-508A-5592557CFC74}.Debug|Any CPU.ActiveCfg = Debug|Any CPU
		{6679497D-FCBC-162D-508A-5592557CFC74}.Debug|Any CPU.Build.0 = Debug|Any CPU
		{6679497D-FCBC-162D-508A-5592557CFC74}.Release|Any CPU.ActiveCfg = Release|Any CPU
		{6679497D-FCBC-162D-508A-5592557CFC74}.Release|Any CPU.Build.0 = Release|Any CPU
		{C9E04393-60BE-DD02-D462-B8D805EDDD28}.Debug|Any CPU.ActiveCfg = Debug|Any CPU
		{C9E04393-60BE-DD02-D462-B8D805EDDD28}.Debug|Any CPU.Build.0 = Debug|Any CPU
		{C9E04393-60BE-DD02-D462-B8D805EDDD28}.Release|Any CPU.ActiveCfg = Release|Any CPU
		{C9E04393-60BE-DD02-D462-B8D805EDDD28}.Release|Any CPU.Build.0 = Release|Any CPU
	EndGlobalSection
	GlobalSection(SolutionProperties) = preSolution
		HideSolutionNode = FALSE
	EndGlobalSection
	GlobalSection(ExtensibilityGlobals) = postSolution
		SolutionGuid = {63655DC0-BB6D-46FC-A1EE-DD152C135712}
	EndGlobalSection
EndGlobal
